// !$*UTF8*$!
{
	archiveVersion = 1;
	classes = {
	};
	objectVersion = 77;
	objects = {

/* Begin PBXBuildFile section */
		A7C42BFB9B46D807DC001B48 /* Pods_DemoSDKIos.framework in Frameworks */ = {isa = PBXBuildFile; fileRef = BF16F1B4F9A34875E162505D /* Pods_DemoSDKIos.framework */; };
/* End PBXBuildFile section */

/* Begin PBXContainerItemProxy section */
		18AC5F8F2D1BA70E006739DD /* PBXContainerItemProxy */ = {
			isa = PBXContainerItemProxy;
			containerPortal = 18AC5F752D1BA70C006739DD /* Project object */;
			proxyType = 1;
			remoteGlobalIDString = 18AC5F7C2D1BA70C006739DD;
			remoteInfo = DemoSDKIos;
		};
		18AC5F992D1BA70E006739DD /* PBXContainerItemProxy */ = {
			isa = PBXContainerItemProxy;
			containerPortal = 18AC5F752D1BA70C006739DD /* Project object */;
			proxyType = 1;
			remoteGlobalIDString = 18AC5F7C2D1BA70C006739DD;
			remoteInfo = DemoSDKIos;
		};
/* End PBXContainerItemProxy section */

/* Begin PBXFileReference section */
		18AC5F7D2D1BA70C006739DD /* DemoSDKIos.app */ = {isa = PBXFileReference; explicitFileType = wrapper.application; includeInIndex = 0; path = DemoSDKIos.app; sourceTree = BUILT_PRODUCTS_DIR; };
		18AC5F8E2D1BA70E006739DD /* DemoSDKIosTests.xctest */ = {isa = PBXFileReference; explicitFileType = wrapper.cfbundle; includeInIndex = 0; path = DemoSDKIosTests.xctest; sourceTree = BUILT_PRODUCTS_DIR; };
		18AC5F982D1BA70E006739DD /* DemoSDKIosUITests.xctest */ = {isa = PBXFileReference; explicitFileType = wrapper.cfbundle; includeInIndex = 0; path = DemoSDKIosUITests.xctest; sourceTree = BUILT_PRODUCTS_DIR; };
		BF16F1B4F9A34875E162505D /* Pods_DemoSDKIos.framework */ = {isa = PBXFileReference; explicitFileType = wrapper.framework; includeInIndex = 0; path = Pods_DemoSDKIos.framework; sourceTree = BUILT_PRODUCTS_DIR; };
		C14F34D87B1E3CDE858DBBFF /* Pods-DemoSDKIos.debug.xcconfig */ = {isa = PBXFileReference; includeInIndex = 1; lastKnownFileType = text.xcconfig; name = "Pods-DemoSDKIos.debug.xcconfig"; path = "Target Support Files/Pods-DemoSDKIos/Pods-DemoSDKIos.debug.xcconfig"; sourceTree = "<group>"; };
		C7BF581F635AD9D0D8ABEDB1 /* Pods-DemoSDKIos.release.xcconfig */ = {isa = PBXFileReference; includeInIndex = 1; lastKnownFileType = text.xcconfig; name = "Pods-DemoSDKIos.release.xcconfig"; path = "Target Support Files/Pods-DemoSDKIos/Pods-DemoSDKIos.release.xcconfig"; sourceTree = "<group>"; };
/* End PBXFileReference section */

/* Begin PBXFileSystemSynchronizedRootGroup section */
		18AC5F7F2D1BA70C006739DD /* DemoSDKIos */ = {
			isa = PBXFileSystemSynchronizedRootGroup;
			path = DemoSDKIos;
			sourceTree = "<group>";
		};
		18AC5F912D1BA70E006739DD /* DemoSDKIosTests */ = {
			isa = PBXFileSystemSynchronizedRootGroup;
			path = DemoSDKIosTests;
			sourceTree = "<group>";
		};
		18AC5F9B2D1BA70E006739DD /* DemoSDKIosUITests */ = {
			isa = PBXFileSystemSynchronizedRootGroup;
			path = DemoSDKIosUITests;
			sourceTree = "<group>";
		};
/* End PBXFileSystemSynchronizedRootGroup section */

/* Begin PBXFrameworksBuildPhase section */
		18AC5F7A2D1BA70C006739DD /* Frameworks */ = {
			isa = PBXFrameworksBuildPhase;
			buildActionMask = 2147483647;
			files = (
				A7C42BFB9B46D807DC001B48 /* Pods_DemoSDKIos.framework in Frameworks */,
			);
			runOnlyForDeploymentPostprocessing = 0;
		};
		18AC5F8B2D1BA70E006739DD /* Frameworks */ = {
			isa = PBXFrameworksBuildPhase;
			buildActionMask = 2147483647;
			files = (
			);
			runOnlyForDeploymentPostprocessing = 0;
		};
		18AC5F952D1BA70E006739DD /* Frameworks */ = {
			isa = PBXFrameworksBuildPhase;
			buildActionMask = 2147483647;
			files = (
			);
			runOnlyForDeploymentPostprocessing = 0;
		};
/* End PBXFrameworksBuildPhase section */

/* Begin PBXGroup section */
		18AC5F742D1BA70C006739DD = {
			isa = PBXGroup;
			children = (
				18AC5F7F2D1BA70C006739DD /* DemoSDKIos */,
				18AC5F912D1BA70E006739DD /* DemoSDKIosTests */,
				18AC5F9B2D1BA70E006739DD /* DemoSDKIosUITests */,
				18AC5F7E2D1BA70C006739DD /* Products */,
				5256DA772BB8A731BB0373B6 /* Pods */,
				4E66E14B7172B289E0E4059D /* Frameworks */,
			);
			sourceTree = "<group>";
		};
		18AC5F7E2D1BA70C006739DD /* Products */ = {
			isa = PBXGroup;
			children = (
				18AC5F7D2D1BA70C006739DD /* DemoSDKIos.app */,
				18AC5F8E2D1BA70E006739DD /* DemoSDKIosTests.xctest */,
				18AC5F982D1BA70E006739DD /* DemoSDKIosUITests.xctest */,
			);
			name = Products;
			sourceTree = "<group>";
		};
		4E66E14B7172B289E0E4059D /* Frameworks */ = {
			isa = PBXGroup;
			children = (
				BF16F1B4F9A34875E162505D /* Pods_DemoSDKIos.framework */,
			);
			name = Frameworks;
			sourceTree = "<group>";
		};
		5256DA772BB8A731BB0373B6 /* Pods */ = {
			isa = PBXGroup;
			children = (
				C14F34D87B1E3CDE858DBBFF /* Pods-DemoSDKIos.debug.xcconfig */,
				C7BF581F635AD9D0D8ABEDB1 /* Pods-DemoSDKIos.release.xcconfig */,
			);
			path = Pods;
			sourceTree = "<group>";
		};
/* End PBXGroup section */

/* Begin PBXNativeTarget section */
		18AC5F7C2D1BA70C006739DD /* DemoSDKIos */ = {
			isa = PBXNativeTarget;
			buildConfigurationList = 18AC5FA22D1BA70E006739DD /* Build configuration list for PBXNativeTarget "DemoSDKIos" */;
			buildPhases = (
				7BD973BEB01061A1B13E273A /* [CP] Check Pods Manifest.lock */,
				D4BF8C9F8B808F61E7AB1264 /* [CP-User] Run Flutter Build module_ekyc Script */,
				18AC5F792D1BA70C006739DD /* Sources */,
				18AC5F7A2D1BA70C006739DD /* Frameworks */,
				18AC5F7B2D1BA70C006739DD /* Resources */,
				0C39E4952FD5743630E13B71 /* [CP] Embed Pods Frameworks */,
				95C4B4730160A402C7124584 /* [CP-User] Embed Flutter Build module_ekyc Script */,
			);
			buildRules = (
			);
			dependencies = (
			);
			fileSystemSynchronizedGroups = (
				18AC5F7F2D1BA70C006739DD /* DemoSDKIos */,
			);
			name = DemoSDKIos;
			productName = DemoSDKIos;
			productReference = 18AC5F7D2D1BA70C006739DD /* DemoSDKIos.app */;
			productType = "com.apple.product-type.application";
		};
		18AC5F8D2D1BA70E006739DD /* DemoSDKIosTests */ = {
			isa = PBXNativeTarget;
			buildConfigurationList = 18AC5FA52D1BA70E006739DD /* Build configuration list for PBXNativeTarget "DemoSDKIosTests" */;
			buildPhases = (
				18AC5F8A2D1BA70E006739DD /* Sources */,
				18AC5F8B2D1BA70E006739DD /* Frameworks */,
				18AC5F8C2D1BA70E006739DD /* Resources */,
			);
			buildRules = (
			);
			dependencies = (
				18AC5F902D1BA70E006739DD /* PBXTargetDependency */,
			);
			fileSystemSynchronizedGroups = (
				18AC5F912D1BA70E006739DD /* DemoSDKIosTests */,
			);
			name = DemoSDKIosTests;
			productName = DemoSDKIosTests;
			productReference = 18AC5F8E2D1BA70E006739DD /* DemoSDKIosTests.xctest */;
			productType = "com.apple.product-type.bundle.unit-test";
		};
		18AC5F972D1BA70E006739DD /* DemoSDKIosUITests */ = {
			isa = PBXNativeTarget;
			buildConfigurationList = 18AC5FA82D1BA70E006739DD /* Build configuration list for PBXNativeTarget "DemoSDKIosUITests" */;
			buildPhases = (
				18AC5F942D1BA70E006739DD /* Sources */,
				18AC5F952D1BA70E006739DD /* Frameworks */,
				18AC5F962D1BA70E006739DD /* Resources */,
			);
			buildRules = (
			);
			dependencies = (
				18AC5F9A2D1BA70E006739DD /* PBXTargetDependency */,
			);
			fileSystemSynchronizedGroups = (
				18AC5F9B2D1BA70E006739DD /* DemoSDKIosUITests */,
			);
			name = DemoSDKIosUITests;
			productName = DemoSDKIosUITests;
			productReference = 18AC5F982D1BA70E006739DD /* DemoSDKIosUITests.xctest */;
			productType = "com.apple.product-type.bundle.ui-testing";
		};
/* End PBXNativeTarget section */

/* Begin PBXProject section */
		18AC5F752D1BA70C006739DD /* Project object */ = {
			isa = PBXProject;
			attributes = {
				BuildIndependentTargetsInParallel = 1;
				LastSwiftUpdateCheck = 1620;
				LastUpgradeCheck = 1620;
				TargetAttributes = {
					18AC5F7C2D1BA70C006739DD = {
						CreatedOnToolsVersion = 16.2;
					};
					18AC5F8D2D1BA70E006739DD = {
						CreatedOnToolsVersion = 16.2;
						TestTargetID = 18AC5F7C2D1BA70C006739DD;
					};
					18AC5F972D1BA70E006739DD = {
						CreatedOnToolsVersion = 16.2;
						TestTargetID = 18AC5F7C2D1BA70C006739DD;
					};
				};
			};
			buildConfigurationList = 18AC5F782D1BA70C006739DD /* Build configuration list for PBXProject "DemoSDKIos" */;
			developmentRegion = en;
			hasScannedForEncodings = 0;
			knownRegions = (
				en,
				Base,
			);
			mainGroup = 18AC5F742D1BA70C006739DD;
			minimizedProjectReferenceProxies = 1;
			preferredProjectObjectVersion = 77;
			productRefGroup = 18AC5F7E2D1BA70C006739DD /* Products */;
			projectDirPath = "";
			projectRoot = "";
			targets = (
				18AC5F7C2D1BA70C006739DD /* DemoSDKIos */,
				18AC5F8D2D1BA70E006739DD /* DemoSDKIosTests */,
				18AC5F972D1BA70E006739DD /* DemoSDKIosUITests */,
			);
		};
/* End PBXProject section */

/* Begin PBXResourcesBuildPhase section */
		18AC5F7B2D1BA70C006739DD /* Resources */ = {
			isa = PBXResourcesBuildPhase;
			buildActionMask = 2147483647;
			files = (
			);
			runOnlyForDeploymentPostprocessing = 0;
		};
		18AC5F8C2D1BA70E006739DD /* Resources */ = {
			isa = PBXResourcesBuildPhase;
			buildActionMask = 2147483647;
			files = (
			);
			runOnlyForDeploymentPostprocessing = 0;
		};
		18AC5F962D1BA70E006739DD /* Resources */ = {
			isa = PBXResourcesBuildPhase;
			buildActionMask = 2147483647;
			files = (
			);
			runOnlyForDeploymentPostprocessing = 0;
		};
/* End PBXResourcesBuildPhase section */

/* Begin PBXShellScriptBuildPhase section */
		0C39E4952FD5743630E13B71 /* [CP] Embed Pods Frameworks */ = {
			isa = PBXShellScriptBuildPhase;
			buildActionMask = 2147483647;
			files = (
			);
			inputFileListPaths = (
				"${PODS_ROOT}/Target Support Files/Pods-DemoSDKIos/Pods-DemoSDKIos-frameworks-${CONFIGURATION}-input-files.xcfilelist",
			);
			name = "[CP] Embed Pods Frameworks";
			outputFileListPaths = (
				"${PODS_ROOT}/Target Support Files/Pods-DemoSDKIos/Pods-DemoSDKIos-frameworks-${CONFIGURATION}-output-files.xcfilelist",
			);
			runOnlyForDeploymentPostprocessing = 0;
			shellPath = /bin/sh;
			shellScript = "\"${PODS_ROOT}/Target Support Files/Pods-DemoSDKIos/Pods-DemoSDKIos-frameworks.sh\"\n";
			showEnvVarsInLog = 0;
		};
		7BD973BEB01061A1B13E273A /* [CP] Check Pods Manifest.lock */ = {
			isa = PBXShellScriptBuildPhase;
			buildActionMask = 2147483647;
			files = (
			);
			inputFileListPaths = (
			);
			inputPaths = (
				"${PODS_PODFILE_DIR_PATH}/Podfile.lock",
				"${PODS_ROOT}/Manifest.lock",
			);
			name = "[CP] Check Pods Manifest.lock";
			outputFileListPaths = (
			);
			outputPaths = (
				"$(DERIVED_FILE_DIR)/Pods-DemoSDKIos-checkManifestLockResult.txt",
			);
			runOnlyForDeploymentPostprocessing = 0;
			shellPath = /bin/sh;
			shellScript = "diff \"${PODS_PODFILE_DIR_PATH}/Podfile.lock\" \"${PODS_ROOT}/Manifest.lock\" > /dev/null\nif [ $? != 0 ] ; then\n    # print error to STDERR\n    echo \"error: The sandbox is not in sync with the Podfile.lock. Run 'pod install' or update your CocoaPods installation.\" >&2\n    exit 1\nfi\n# This output is used by Xcode 'outputs' to avoid re-running this script phase.\necho \"SUCCESS\" > \"${SCRIPT_OUTPUT_FILE_0}\"\n";
			showEnvVarsInLog = 0;
		};
		95C4B4730160A402C7124584 /* [CP-User] Embed Flutter Build module_ekyc Script */ = {
			isa = PBXShellScriptBuildPhase;
			buildActionMask = 2147483647;
			files = (
			);
			name = "[CP-User] Embed Flutter Build module_ekyc Script";
			runOnlyForDeploymentPostprocessing = 0;
			shellPath = /bin/sh;
			shellScript = "set -e\nset -u\nsource \"${SRCROOT}/../../Flutter/module_ekyc/.ios/Flutter/flutter_export_environment.sh\"\nexport VERBOSE_SCRIPT_LOGGING=1 && \"$FLUTTER_ROOT\"/packages/flutter_tools/bin/xcode_backend.sh embed_and_thin";
		};
		D4BF8C9F8B808F61E7AB1264 /* [CP-User] Run Flutter Build module_ekyc Script */ = {
			isa = PBXShellScriptBuildPhase;
			buildActionMask = 2147483647;
			files = (
			);
			name = "[CP-User] Run Flutter Build module_ekyc Script";
			runOnlyForDeploymentPostprocessing = 0;
			shellPath = /bin/sh;
			shellScript = "set -e\nset -u\nsource \"${SRCROOT}/../../Flutter/module_ekyc/.ios/Flutter/flutter_export_environment.sh\"\nexport VERBOSE_SCRIPT_LOGGING=1 && \"$FLUTTER_ROOT\"/packages/flutter_tools/bin/xcode_backend.sh build";
		};
/* End PBXShellScriptBuildPhase section */

/* Begin PBXSourcesBuildPhase section */
		18AC5F792D1BA70C006739DD /* Sources */ = {
			isa = PBXSourcesBuildPhase;
			buildActionMask = 2147483647;
			files = (
			);
			runOnlyForDeploymentPostprocessing = 0;
		};
		18AC5F8A2D1BA70E006739DD /* Sources */ = {
			isa = PBXSourcesBuildPhase;
			buildActionMask = 2147483647;
			files = (
			);
			runOnlyForDeploymentPostprocessing = 0;
		};
		18AC5F942D1BA70E006739DD /* Sources */ = {
			isa = PBXSourcesBuildPhase;
			buildActionMask = 2147483647;
			files = (
			);
			runOnlyForDeploymentPostprocessing = 0;
		};
/* End PBXSourcesBuildPhase section */

/* Begin PBXTargetDependency section */
		18AC5F902D1BA70E006739DD /* PBXTargetDependency */ = {
			isa = PBXTargetDependency;
			target = 18AC5F7C2D1BA70C006739DD /* DemoSDKIos */;
			targetProxy = 18AC5F8F2D1BA70E006739DD /* PBXContainerItemProxy */;
		};
		18AC5F9A2D1BA70E006739DD /* PBXTargetDependency */ = {
			isa = PBXTargetDependency;
			target = 18AC5F7C2D1BA70C006739DD /* DemoSDKIos */;
			targetProxy = 18AC5F992D1BA70E006739DD /* PBXContainerItemProxy */;
		};
/* End PBXTargetDependency section */

/* Begin XCBuildConfiguration section */
		18AC5FA02D1BA70E006739DD /* Debug */ = {
			isa = XCBuildConfiguration;
			buildSettings = {
				ALWAYS_SEARCH_USER_PATHS = NO;
				ASSETCATALOG_COMPILER_GENERATE_SWIFT_ASSET_SYMBOL_EXTENSIONS = YES;
				CLANG_ANALYZER_NONNULL = YES;
				CLANG_ANALYZER_NUMBER_OBJECT_CONVERSION = YES_AGGRESSIVE;
				CLANG_CXX_LANGUAGE_STANDARD = "gnu++20";
				CLANG_ENABLE_MODULES = YES;
				CLANG_ENABLE_OBJC_ARC = YES;
				CLANG_ENABLE_OBJC_WEAK = YES;
				CLANG_WARN_BLOCK_CAPTURE_AUTORELEASING = YES;
				CLANG_WARN_BOOL_CONVERSION = YES;
				CLANG_WARN_COMMA = YES;
				CLANG_WARN_CONSTANT_CONVERSION = YES;
				CLANG_WARN_DEPRECATED_OBJC_IMPLEMENTATIONS = YES;
				CLANG_WARN_DIRECT_OBJC_ISA_USAGE = YES_ERROR;
				CLANG_WARN_DOCUMENTATION_COMMENTS = YES;
				CLANG_WARN_EMPTY_BODY = YES;
				CLANG_WARN_ENUM_CONVERSION = YES;
				CLANG_WARN_INFINITE_RECURSION = YES;
				CLANG_WARN_INT_CONVERSION = YES;
				CLANG_WARN_NON_LITERAL_NULL_CONVERSION = YES;
				CLANG_WARN_OBJC_IMPLICIT_RETAIN_SELF = YES;
				CLANG_WARN_OBJC_LITERAL_CONVERSION = YES;
				CLANG_WARN_OBJC_ROOT_CLASS = YES_ERROR;
				CLANG_WARN_QUOTED_INCLUDE_IN_FRAMEWORK_HEADER = YES;
				CLANG_WARN_RANGE_LOOP_ANALYSIS = YES;
				CLANG_WARN_STRICT_PROTOTYPES = YES;
				CLANG_WARN_SUSPICIOUS_MOVE = YES;
				CLANG_WARN_UNGUARDED_AVAILABILITY = YES_AGGRESSIVE;
				CLANG_WARN_UNREACHABLE_CODE = YES;
				CLANG_WARN__DUPLICATE_METHOD_MATCH = YES;
				COPY_PHASE_STRIP = NO;
				DEBUG_INFORMATION_FORMAT = dwarf;
				ENABLE_STRICT_OBJC_MSGSEND = YES;
				ENABLE_TESTABILITY = YES;
				ENABLE_USER_SCRIPT_SANDBOXING = NO;
				GCC_C_LANGUAGE_STANDARD = gnu17;
				GCC_DYNAMIC_NO_PIC = NO;
				GCC_NO_COMMON_BLOCKS = YES;
				GCC_OPTIMIZATION_LEVEL = 0;
				GCC_PREPROCESSOR_DEFINITIONS = (
					"DEBUG=1",
					"$(inherited)",
				);
				GCC_WARN_64_TO_32_BIT_CONVERSION = YES;
				GCC_WARN_ABOUT_RETURN_TYPE = YES_ERROR;
				GCC_WARN_UNDECLARED_SELECTOR = YES;
				GCC_WARN_UNINITIALIZED_AUTOS = YES_AGGRESSIVE;
				GCC_WARN_UNUSED_FUNCTION = YES;
				GCC_WARN_UNUSED_VARIABLE = YES;
				LOCALIZATION_PREFERS_STRING_CATALOGS = YES;
				MTL_ENABLE_DEBUG_INFO = INCLUDE_SOURCE;
				MTL_FAST_MATH = YES;
				ONLY_ACTIVE_ARCH = YES;
				SWIFT_ACTIVE_COMPILATION_CONDITIONS = "DEBUG $(inherited)";
				SWIFT_OPTIMIZATION_LEVEL = "-Onone";
			};
			name = Debug;
		};
		18AC5FA12D1BA70E006739DD /* Release */ = {
			isa = XCBuildConfiguration;
			buildSettings = {
				ALWAYS_SEARCH_USER_PATHS = NO;
				ASSETCATALOG_COMPILER_GENERATE_SWIFT_ASSET_SYMBOL_EXTENSIONS = YES;
				CLANG_ANALYZER_NONNULL = YES;
				CLANG_ANALYZER_NUMBER_OBJECT_CONVERSION = YES_AGGRESSIVE;
				CLANG_CXX_LANGUAGE_STANDARD = "gnu++20";
				CLANG_ENABLE_MODULES = YES;
				CLANG_ENABLE_OBJC_ARC = YES;
				CLANG_ENABLE_OBJC_WEAK = YES;
				CLANG_WARN_BLOCK_CAPTURE_AUTORELEASING = YES;
				CLANG_WARN_BOOL_CONVERSION = YES;
				CLANG_WARN_COMMA = YES;
				CLANG_WARN_CONSTANT_CONVERSION = YES;
				CLANG_WARN_DEPRECATED_OBJC_IMPLEMENTATIONS = YES;
				CLANG_WARN_DIRECT_OBJC_ISA_USAGE = YES_ERROR;
				CLANG_WARN_DOCUMENTATION_COMMENTS = YES;
				CLANG_WARN_EMPTY_BODY = YES;
				CLANG_WARN_ENUM_CONVERSION = YES;
				CLANG_WARN_INFINITE_RECURSION = YES;
				CLANG_WARN_INT_CONVERSION = YES;
				CLANG_WARN_NON_LITERAL_NULL_CONVERSION = YES;
				CLANG_WARN_OBJC_IMPLICIT_RETAIN_SELF = YES;
				CLANG_WARN_OBJC_LITERAL_CONVERSION = YES;
				CLANG_WARN_OBJC_ROOT_CLASS = YES_ERROR;
				CLANG_WARN_QUOTED_INCLUDE_IN_FRAMEWORK_HEADER = YES;
				CLANG_WARN_RANGE_LOOP_ANALYSIS = YES;
				CLANG_WARN_STRICT_PROTOTYPES = YES;
				CLANG_WARN_SUSPICIOUS_MOVE = YES;
				CLANG_WARN_UNGUARDED_AVAILABILITY = YES_AGGRESSIVE;
				CLANG_WARN_UNREACHABLE_CODE = YES;
				CLANG_WARN__DUPLICATE_METHOD_MATCH = YES;
				COPY_PHASE_STRIP = NO;
				DEBUG_INFORMATION_FORMAT = "dwarf-with-dsym";
				ENABLE_NS_ASSERTIONS = NO;
				ENABLE_STRICT_OBJC_MSGSEND = YES;
				ENABLE_USER_SCRIPT_SANDBOXING = NO;
				GCC_C_LANGUAGE_STANDARD = gnu17;
				GCC_NO_COMMON_BLOCKS = YES;
				GCC_WARN_64_TO_32_BIT_CONVERSION = YES;
				GCC_WARN_ABOUT_RETURN_TYPE = YES_ERROR;
				GCC_WARN_UNDECLARED_SELECTOR = YES;
				GCC_WARN_UNINITIALIZED_AUTOS = YES_AGGRESSIVE;
				GCC_WARN_UNUSED_FUNCTION = YES;
				GCC_WARN_UNUSED_VARIABLE = YES;
				LOCALIZATION_PREFERS_STRING_CATALOGS = YES;
				MTL_ENABLE_DEBUG_INFO = NO;
				MTL_FAST_MATH = YES;
				SWIFT_COMPILATION_MODE = wholemodule;
			};
			name = Release;
		};
		18AC5FA32D1BA70E006739DD /* Debug */ = {
			isa = XCBuildConfiguration;
			baseConfigurationReference = C14F34D87B1E3CDE858DBBFF /* Pods-DemoSDKIos.debug.xcconfig */;
			buildSettings = {
				ASSETCATALOG_COMPILER_APPICON_NAME = AppIcon;
				ASSETCATALOG_COMPILER_GLOBAL_ACCENT_COLOR_NAME = AccentColor;
				CODE_SIGN_ENTITLEMENTS = DemoSDKIos/DemoSDKIos.entitlements;
				CODE_SIGN_STYLE = Automatic;
				CURRENT_PROJECT_VERSION = 1;
				DEVELOPMENT_ASSET_PATHS = "\"DemoSDKIos/Preview Content\"";
				DEVELOPMENT_TEAM = CLUY5VBG3U;
				ENABLE_HARDENED_RUNTIME = YES;
				ENABLE_PREVIEWS = YES;
				GENERATE_INFOPLIST_FILE = YES;
				"INFOPLIST_KEY_UIApplicationSceneManifest_Generation[sdk=iphoneos*]" = YES;
				"INFOPLIST_KEY_UIApplicationSceneManifest_Generation[sdk=iphonesimulator*]" = YES;
				"INFOPLIST_KEY_UIApplicationSupportsIndirectInputEvents[sdk=iphoneos*]" = YES;
				"INFOPLIST_KEY_UIApplicationSupportsIndirectInputEvents[sdk=iphonesimulator*]" = YES;
				"INFOPLIST_KEY_UILaunchScreen_Generation[sdk=iphoneos*]" = YES;
				"INFOPLIST_KEY_UILaunchScreen_Generation[sdk=iphonesimulator*]" = YES;
				"INFOPLIST_KEY_UIStatusBarStyle[sdk=iphoneos*]" = UIStatusBarStyleDefault;
				"INFOPLIST_KEY_UIStatusBarStyle[sdk=iphonesimulator*]" = UIStatusBarStyleDefault;
				INFOPLIST_KEY_UISupportedInterfaceOrientations_iPad = "UIInterfaceOrientationPortrait UIInterfaceOrientationPortraitUpsideDown UIInterfaceOrientationLandscapeLeft UIInterfaceOrientationLandscapeRight";
				INFOPLIST_KEY_UISupportedInterfaceOrientations_iPhone = "UIInterfaceOrientationPortrait UIInterfaceOrientationLandscapeLeft UIInterfaceOrientationLandscapeRight";
				IPHONEOS_DEPLOYMENT_TARGET = 14.0;
				LD_RUNPATH_SEARCH_PATHS = "@executable_path/Frameworks";
				"LD_RUNPATH_SEARCH_PATHS[sdk=macosx*]" = "@executable_path/../Frameworks";
				MACOSX_DEPLOYMENT_TARGET = 15.2;
				MARKETING_VERSION = 1.0;
				PRODUCT_BUNDLE_IDENTIFIER = vn.lochv.ekyc;
				PRODUCT_NAME = "$(TARGET_NAME)";
				SDKROOT = auto;
				SUPPORTED_PLATFORMS = "iphoneos iphonesimulator";
				SUPPORTS_MACCATALYST = NO;
				SWIFT_EMIT_LOC_STRINGS = YES;
				SWIFT_VERSION = 5.0;
				TARGETED_DEVICE_FAMILY = "1,2";
				XROS_DEPLOYMENT_TARGET = 2.2;
			};
			name = Debug;
		};
		18AC5FA42D1BA70E006739DD /* Release */ = {
			isa = XCBuildConfiguration;
			baseConfigurationReference = C7BF581F635AD9D0D8ABEDB1 /* Pods-DemoSDKIos.release.xcconfig */;
			buildSettings = {
				ASSETCATALOG_COMPILER_APPICON_NAME = AppIcon;
				ASSETCATALOG_COMPILER_GLOBAL_ACCENT_COLOR_NAME = AccentColor;
				CODE_SIGN_ENTITLEMENTS = DemoSDKIos/DemoSDKIos.entitlements;
				CODE_SIGN_STYLE = Automatic;
				CURRENT_PROJECT_VERSION = 1;
				DEVELOPMENT_ASSET_PATHS = "\"DemoSDKIos/Preview Content\"";
				DEVELOPMENT_TEAM = CLUY5VBG3U;
				ENABLE_HARDENED_RUNTIME = YES;
				ENABLE_PREVIEWS = YES;
				GENERATE_INFOPLIST_FILE = YES;
				"INFOPLIST_KEY_UIApplicationSceneManifest_Generation[sdk=iphoneos*]" = YES;
				"INFOPLIST_KEY_UIApplicationSceneManifest_Generation[sdk=iphonesimulator*]" = YES;
				"INFOPLIST_KEY_UIApplicationSupportsIndirectInputEvents[sdk=iphoneos*]" = YES;
				"INFOPLIST_KEY_UIApplicationSupportsIndirectInputEvents[sdk=iphonesimulator*]" = YES;
				"INFOPLIST_KEY_UILaunchScreen_Generation[sdk=iphoneos*]" = YES;
				"INFOPLIST_KEY_UILaunchScreen_Generation[sdk=iphonesimulator*]" = YES;
				"INFOPLIST_KEY_UIStatusBarStyle[sdk=iphoneos*]" = UIStatusBarStyleDefault;
				"INFOPLIST_KEY_UIStatusBarStyle[sdk=iphonesimulator*]" = UIStatusBarStyleDefault;
				INFOPLIST_KEY_UISupportedInterfaceOrientations_iPad = "UIInterfaceOrientationPortrait UIInterfaceOrientationPortraitUpsideDown UIInterfaceOrientationLandscapeLeft UIInterfaceOrientationLandscapeRight";
				INFOPLIST_KEY_UISupportedInterfaceOrientations_iPhone = "UIInterfaceOrientationPortrait UIInterfaceOrientationLandscapeLeft UIInterfaceOrientationLandscapeRight";
				IPHONEOS_DEPLOYMENT_TARGET = 14.0;
				LD_RUNPATH_SEARCH_PATHS = "@executable_path/Frameworks";
				"LD_RUNPATH_SEARCH_PATHS[sdk=macosx*]" = "@executable_path/../Frameworks";
				MACOSX_DEPLOYMENT_TARGET = 15.2;
				MARKETING_VERSION = 1.0;
				PRODUCT_BUNDLE_IDENTIFIER = vn.lochv.ekyc;
				PRODUCT_NAME = "$(TARGET_NAME)";
				SDKROOT = auto;
				SUPPORTED_PLATFORMS = "iphoneos iphonesimulator";
				SUPPORTS_MACCATALYST = NO;
				SWIFT_EMIT_LOC_STRINGS = YES;
				SWIFT_VERSION = 5.0;
				TARGETED_DEVICE_FAMILY = "1,2";
				XROS_DEPLOYMENT_TARGET = 2.2;
			};
			name = Release;
		};
		18AC5FA62D1BA70E006739DD /* Debug */ = {
			isa = XCBuildConfiguration;
			buildSettings = {
				BUNDLE_LOADER = "$(TEST_HOST)";
				CODE_SIGN_STYLE = Automatic;
				CURRENT_PROJECT_VERSION = 1;
				DEVELOPMENT_TEAM = CLUY5VBG3U;
				GENERATE_INFOPLIST_FILE = YES;
				IPHONEOS_DEPLOYMENT_TARGET = 18.2;
				MACOSX_DEPLOYMENT_TARGET = 15.2;
				MARKETING_VERSION = 1.0;
				PRODUCT_BUNDLE_IDENTIFIER = vn.lochv.DemoSDKIosTests;
				PRODUCT_NAME = "$(TARGET_NAME)";
				SDKROOT = auto;
				SUPPORTED_PLATFORMS = "iphoneos iphonesimulator macosx xros xrsimulator";
				SWIFT_EMIT_LOC_STRINGS = NO;
				SWIFT_VERSION = 5.0;
				TARGETED_DEVICE_FAMILY = "1,2,7";
				TEST_HOST = "$(BUILT_PRODUCTS_DIR)/DemoSDKIos.app/$(BUNDLE_EXECUTABLE_FOLDER_PATH)/DemoSDKIos";
				XROS_DEPLOYMENT_TARGET = 2.2;
			};
			name = Debug;
		};
		18AC5FA72D1BA70E006739DD /* Release */ = {
			isa = XCBuildConfiguration;
			buildSettings = {
				BUNDLE_LOADER = "$(TEST_HOST)";
				CODE_SIGN_STYLE = Automatic;
				CURRENT_PROJECT_VERSION = 1;
				DEVELOPMENT_TEAM = CLUY5VBG3U;
				GENERATE_INFOPLIST_FILE = YES;
				IPHONEOS_DEPLOYMENT_TARGET = 18.2;
				MACOSX_DEPLOYMENT_TARGET = 15.2;
				MARKETING_VERSION = 1.0;
				PRODUCT_BUNDLE_IDENTIFIER = vn.lochv.DemoSDKIosTests;
				PRODUCT_NAME = "$(TARGET_NAME)";
				SDKROOT = auto;
				SUPPORTED_PLATFORMS = "iphoneos iphonesimulator macosx xros xrsimulator";
				SWIFT_EMIT_LOC_STRINGS = NO;
				SWIFT_VERSION = 5.0;
				TARGETED_DEVICE_FAMILY = "1,2,7";
				TEST_HOST = "$(BUILT_PRODUCTS_DIR)/DemoSDKIos.app/$(BUNDLE_EXECUTABLE_FOLDER_PATH)/DemoSDKIos";
				XROS_DEPLOYMENT_TARGET = 2.2;
			};
			name = Release;
		};
		18AC5FA92D1BA70E006739DD /* Debug */ = {
			isa = XCBuildConfiguration;
			buildSettings = {
				CODE_SIGN_STYLE = Automatic;
				CURRENT_PROJECT_VERSION = 1;
				DEVELOPMENT_TEAM = CLUY5VBG3U;
				GENERATE_INFOPLIST_FILE = YES;
				IPHONEOS_DEPLOYMENT_TARGET = 18.2;
				MACOSX_DEPLOYMENT_TARGET = 15.2;
				MARKETING_VERSION = 1.0;
				PRODUCT_BUNDLE_IDENTIFIER = vn.lochv.DemoSDKIosUITests;
				PRODUCT_NAME = "$(TARGET_NAME)";
				SDKROOT = auto;
				SUPPORTED_PLATFORMS = "iphoneos iphonesimulator macosx xros xrsimulator";
				SWIFT_EMIT_LOC_STRINGS = NO;
				SWIFT_VERSION = 5.0;
				TARGETED_DEVICE_FAMILY = "1,2,7";
				TEST_TARGET_NAME = DemoSDKIos;
				XROS_DEPLOYMENT_TARGET = 2.2;
			};
			name = Debug;
		};
		18AC5FAA2D1BA70E006739DD /* Release */ = {
			isa = XCBuildConfiguration;
			buildSettings = {
				CODE_SIGN_STYLE = Automatic;
				CURRENT_PROJECT_VERSION = 1;
				DEVELOPMENT_TEAM = CLUY5VBG3U;
				GENERATE_INFOPLIST_FILE = YES;
				IPHONEOS_DEPLOYMENT_TARGET = 18.2;
				MACOSX_DEPLOYMENT_TARGET = 15.2;
				MARKETING_VERSION = 1.0;
				PRODUCT_BUNDLE_IDENTIFIER = vn.lochv.DemoSDKIosUITests;
				PRODUCT_NAME = "$(TARGET_NAME)";
				SDKROOT = auto;
				SUPPORTED_PLATFORMS = "iphoneos iphonesimulator macosx xros xrsimulator";
				SWIFT_EMIT_LOC_STRINGS = NO;
				SWIFT_VERSION = 5.0;
				TARGETED_DEVICE_FAMILY = "1,2,7";
				TEST_TARGET_NAME = DemoSDKIos;
				XROS_DEPLOYMENT_TARGET = 2.2;
			};
			name = Release;
		};
/* End XCBuildConfiguration section */

/* Begin XCConfigurationList section */
		18AC5F782D1BA70C006739DD /* Build configuration list for PBXProject "DemoSDKIos" */ = {
			isa = XCConfigurationList;
			buildConfigurations = (
				18AC5FA02D1BA70E006739DD /* Debug */,
				18AC5FA12D1BA70E006739DD /* Release */,
			);
			defaultConfigurationIsVisible = 0;
			defaultConfigurationName = Release;
		};
		18AC5FA22D1BA70E006739DD /* Build configuration list for PBXNativeTarget "DemoSDKIos" */ = {
			isa = XCConfigurationList;
			buildConfigurations = (
				18AC5FA32D1BA70E006739DD /* Debug */,
				18AC5FA42D1BA70E006739DD /* Release */,
			);
			defaultConfigurationIsVisible = 0;
			defaultConfigurationName = Release;
		};
		18AC5FA52D1BA70E006739DD /* Build configuration list for PBXNativeTarget "DemoSDKIosTests" */ = {
			isa = XCConfigurationList;
			buildConfigurations = (
				18AC5FA62D1BA70E006739DD /* Debug */,
				18AC5FA72D1BA70E006739DD /* Release */,
			);
			defaultConfigurationIsVisible = 0;
			defaultConfigurationName = Release;
		};
		18AC5FA82D1BA70E006739DD /* Build configuration list for PBXNativeTarget "DemoSDKIosUITests" */ = {
			isa = XCConfigurationList;
			buildConfigurations = (
				18AC5FA92D1BA70E006739DD /* Debug */,
				18AC5FAA2D1BA70E006739DD /* Release */,
			);
			defaultConfigurationIsVisible = 0;
			defaultConfigurationName = Release;
		};
/* End XCConfigurationList section */
	};
	rootObject = 18AC5F752D1BA70C006739DD /* Project object */;
}
